
Microsoft Visual Studio Solution File, Format Version 12.00
# Visual Studio Version 16
VisualStudioVersion = 16.0.30803.129
MinimumVisualStudioVersion = 10.0.40219.1
Project("{FAE04EC0-301F-11D3-BF4B-00C04F79EFBC}") = "Dauth2.Api", "Dauth2.Api\Dauth2.Api.csproj", "{EF40E04D-A22D-4F86-9E9E-36C71A7A07CC}"
EndProject
Global
	GlobalSection(SolutionConfigurationPlatforms) = preSolution
		Debug|Any CPU = Debug|Any CPU
		Release|Any CPU = Release|Any CPU
	EndGlobalSection
	GlobalSection(ProjectConfigurationPlatforms) = postSolution
		{EF40E04D-A22D-4F86-9E9E-36C71A7A07CC}.Debug|Any CPU.ActiveCfg = Debug|Any CPU
		{EF40E04D-A22D-4F86-9E9E-36C71A7A07CC}.Debug|Any CPU.Build.0 = Debug|Any CPU
		{EF40E04D-A22D-4F86-9E9E-36C71A7A07CC}.Release|Any CPU.ActiveCfg = Release|Any CPU
		{EF40E04D-A22D-4F86-9E9E-36C71A7A07CC}.Release|Any CPU.Build.0 = Release|Any CPU
	EndGlobalSection
	GlobalSection(SolutionProperties) = preSolution
		HideSolutionNode = FALSE
	EndGlobalSection
	GlobalSection(ExtensibilityGlobals) = postSolution
		SolutionGuid = {246089F2-7162-4F84-928D-B08404CF1701}
	EndGlobalSection
EndGlobal
